
Microsoft Visual Studio Solution File, Format Version 12.00
# Visual Studio 2012
Project("{FAE04EC0-301F-11D3-BF4B-00C04F79EFBC}") = "BerlinReligionData", "BerlinReligionData\BerlinReligionData.csproj", "{8895C354-45B2-40A1-84B7-CB036C59B479}"
EndProject
Global
	GlobalSection(SolutionConfigurationPlatforms) = preSolution
		Debug|Any CPU = Debug|Any CPU
		Release|Any CPU = Release|Any CPU
	EndGlobalSection
	GlobalSection(ProjectConfigurationPlatforms) = postSolution
		{8895C354-45B2-40A1-84B7-CB036C59B479}.Debug|Any CPU.ActiveCfg = Debug|Any CPU
		{8895C354-45B2-40A1-84B7-CB036C59B479}.Debug|Any CPU.Build.0 = Debug|Any CPU
		{8895C354-45B2-40A1-84B7-CB036C59B479}.Release|Any CPU.ActiveCfg = Release|Any CPU
		{8895C354-45B2-40A1-84B7-CB036C59B479}.Release|Any CPU.Build.0 = Release|Any CPU
	EndGlobalSection
EndGlobal
